
Microsoft Visual Studio Solution File, Format Version 12.00
# Visual Studio Version 16
VisualStudioVersion = 16.0.29020.237
MinimumVisualStudioVersion = 10.0.40219.1
Project("{FAE04EC0-301F-11D3-BF4B-00C04F79EFBC}") = "Dojo2 main", "Dojo2 main\Dojo2 main.csproj", "{366F8F93-5A47-4029-8D31-290017CE0074}"
EndProject
Project("{FAE04EC0-301F-11D3-BF4B-00C04F79EFBC}") = "UnitTestProject1", "UnitTestProject1\UnitTestProject1.csproj", "{D84AD2EF-45EA-437E-8B19-3DB3884C5E21}"
EndProject
Global
	GlobalSection(SolutionConfigurationPlatforms) = preSolution
		Debug|Any CPU = Debug|Any CPU
		Release|Any CPU = Release|Any CPU
	EndGlobalSection
	GlobalSection(ProjectConfigurationPlatforms) = postSolution
		{366F8F93-5A47-4029-8D31-290017CE0074}.Debug|Any CPU.ActiveCfg = Debug|Any CPU
		{366F8F93-5A47-4029-8D31-290017CE0074}.Debug|Any CPU.Build.0 = Debug|Any CPU
		{366F8F93-5A47-4029-8D31-290017CE0074}.Release|Any CPU.ActiveCfg = Release|Any CPU
		{366F8F93-5A47-4029-8D31-290017CE0074}.Release|Any CPU.Build.0 = Release|Any CPU
		{D84AD2EF-45EA-437E-8B19-3DB3884C5E21}.Debug|Any CPU.ActiveCfg = Debug|Any CPU
		{D84AD2EF-45EA-437E-8B19-3DB3884C5E21}.Debug|Any CPU.Build.0 = Debug|Any CPU
		{D84AD2EF-45EA-437E-8B19-3DB3884C5E21}.Release|Any CPU.ActiveCfg = Release|Any CPU
		{D84AD2EF-45EA-437E-8B19-3DB3884C5E21}.Release|Any CPU.Build.0 = Release|Any CPU
	EndGlobalSection
	GlobalSection(SolutionProperties) = preSolution
		HideSolutionNode = FALSE
	EndGlobalSection
	GlobalSection(ExtensibilityGlobals) = postSolution
		SolutionGuid = {4578C7D9-09C1-4DAC-B5D8-F88C9BC52D0F}
	EndGlobalSection
EndGlobal
